
Microsoft Visual Studio Solution File, Format Version 12.00
# Visual Studio 14
VisualStudioVersion = 14.0.25123.0
MinimumVisualStudioVersion = 10.0.40219.1
Project("{FAE04EC0-301F-11D3-BF4B-00C04F79EFBC}") = "Person", "Src\Models\Person\Person.csproj", "{B9941375-D0B9-46C7-91CE-28F7626266E9}"
EndProject
Project("{FAE04EC0-301F-11D3-BF4B-00C04F79EFBC}") = "Person.Tests", "Tests\Person.Tests\Person.Tests.csproj", "{D1FB76D7-882A-4579-AE7C-C6FC0B557098}"
EndProject
Project("{FAE04EC0-301F-11D3-BF4B-00C04F79EFBC}") = "Common", "Src\Models\Common\Common.csproj", "{0BFE81BE-CCD9-41CC-AA3E-9201A424C407}"
EndProject
Project("{FAE04EC0-301F-11D3-BF4B-00C04F79EFBC}") = "Person.Specs", "Specs\Person.Specs\Person.Specs.csproj", "{48F3F82B-6FE9-45CA-91C0-F39E2F4A03F6}"
EndProject
Project("{FAE04EC0-301F-11D3-BF4B-00C04F79EFBC}") = "Common.Tests", "Tests\Common.Tests\Common.Tests.csproj", "{E65F4417-B1BC-45EC-BF99-1C76325ED501}"
EndProject
Project("{FAE04EC0-301F-11D3-BF4B-00C04F79EFBC}") = "Common.Specs", "Specs\Common.Specs\Common.Specs.csproj", "{BA65516F-C929-40CD-A453-0B086B4170BD}"
EndProject
Project("{2150E333-8FDC-42A3-9474-1A3956D46DE8}") = "Src", "Src", "{55F5A81A-15D5-4645-93A1-5221EAD9E69F}"
EndProject
Project("{2150E333-8FDC-42A3-9474-1A3956D46DE8}") = "Models", "Models", "{0AD894D9-432E-44C8-BB2B-453C4F494AA7}"
EndProject
Project("{2150E333-8FDC-42A3-9474-1A3956D46DE8}") = "Tests", "Tests", "{C8FCC455-F729-4EB3-A926-74F5D4939B87}"
EndProject
Project("{2150E333-8FDC-42A3-9474-1A3956D46DE8}") = "Specs", "Specs", "{A611A35C-59F5-4FB0-BCDA-141CA1563BFA}"
EndProject
Project("{2150E333-8FDC-42A3-9474-1A3956D46DE8}") = "TestApps", "TestApps", "{2777F9DF-53FB-4A83-A94D-896D2D8030A8}"
EndProject
Project("{FAE04EC0-301F-11D3-BF4B-00C04F79EFBC}") = "ConsoleAppTest", "Src\TestApps\ConsoleAppTest\ConsoleAppTest.csproj", "{FD888892-86E6-4E9B-B5CD-2DD805B6C0EA}"
EndProject
Global
	GlobalSection(SolutionConfigurationPlatforms) = preSolution
		Debug|Any CPU = Debug|Any CPU
		Release|Any CPU = Release|Any CPU
	EndGlobalSection
	GlobalSection(ProjectConfigurationPlatforms) = postSolution
		{B9941375-D0B9-46C7-91CE-28F7626266E9}.Debug|Any CPU.ActiveCfg = Debug|Any CPU
		{B9941375-D0B9-46C7-91CE-28F7626266E9}.Debug|Any CPU.Build.0 = Debug|Any CPU
		{B9941375-D0B9-46C7-91CE-28F7626266E9}.Release|Any CPU.ActiveCfg = Release|Any CPU
		{B9941375-D0B9-46C7-91CE-28F7626266E9}.Release|Any CPU.Build.0 = Release|Any CPU
		{D1FB76D7-882A-4579-AE7C-C6FC0B557098}.Debug|Any CPU.ActiveCfg = Debug|Any CPU
		{D1FB76D7-882A-4579-AE7C-C6FC0B557098}.Debug|Any CPU.Build.0 = Debug|Any CPU
		{D1FB76D7-882A-4579-AE7C-C6FC0B557098}.Release|Any CPU.ActiveCfg = Release|Any CPU
		{D1FB76D7-882A-4579-AE7C-C6FC0B557098}.Release|Any CPU.Build.0 = Release|Any CPU
		{0BFE81BE-CCD9-41CC-AA3E-9201A424C407}.Debug|Any CPU.ActiveCfg = Debug|Any CPU
		{0BFE81BE-CCD9-41CC-AA3E-9201A424C407}.Debug|Any CPU.Build.0 = Debug|Any CPU
		{0BFE81BE-CCD9-41CC-AA3E-9201A424C407}.Release|Any CPU.ActiveCfg = Release|Any CPU
		{0BFE81BE-CCD9-41CC-AA3E-9201A424C407}.Release|Any CPU.Build.0 = Release|Any CPU
		{48F3F82B-6FE9-45CA-91C0-F39E2F4A03F6}.Debug|Any CPU.ActiveCfg = Debug|Any CPU
		{48F3F82B-6FE9-45CA-91C0-F39E2F4A03F6}.Debug|Any CPU.Build.0 = Debug|Any CPU
		{48F3F82B-6FE9-45CA-91C0-F39E2F4A03F6}.Release|Any CPU.ActiveCfg = Release|Any CPU
		{48F3F82B-6FE9-45CA-91C0-F39E2F4A03F6}.Release|Any CPU.Build.0 = Release|Any CPU
		{E65F4417-B1BC-45EC-BF99-1C76325ED501}.Debug|Any CPU.ActiveCfg = Debug|Any CPU
		{E65F4417-B1BC-45EC-BF99-1C76325ED501}.Debug|Any CPU.Build.0 = Debug|Any CPU
		{E65F4417-B1BC-45EC-BF99-1C76325ED501}.Release|Any CPU.ActiveCfg = Release|Any CPU
		{E65F4417-B1BC-45EC-BF99-1C76325ED501}.Release|Any CPU.Build.0 = Release|Any CPU
		{BA65516F-C929-40CD-A453-0B086B4170BD}.Debug|Any CPU.ActiveCfg = Debug|Any CPU
		{BA65516F-C929-40CD-A453-0B086B4170BD}.Debug|Any CPU.Build.0 = Debug|Any CPU
		{BA65516F-C929-40CD-A453-0B086B4170BD}.Release|Any CPU.ActiveCfg = Release|Any CPU
		{BA65516F-C929-40CD-A453-0B086B4170BD}.Release|Any CPU.Build.0 = Release|Any CPU
		{FD888892-86E6-4E9B-B5CD-2DD805B6C0EA}.Debug|Any CPU.ActiveCfg = Debug|Any CPU
		{FD888892-86E6-4E9B-B5CD-2DD805B6C0EA}.Debug|Any CPU.Build.0 = Debug|Any CPU
		{FD888892-86E6-4E9B-B5CD-2DD805B6C0EA}.Release|Any CPU.ActiveCfg = Release|Any CPU
		{FD888892-86E6-4E9B-B5CD-2DD805B6C0EA}.Release|Any CPU.Build.0 = Release|Any CPU
	EndGlobalSection
	GlobalSection(SolutionProperties) = preSolution
		HideSolutionNode = FALSE
	EndGlobalSection
	GlobalSection(NestedProjects) = preSolution
		{B9941375-D0B9-46C7-91CE-28F7626266E9} = {0AD894D9-432E-44C8-BB2B-453C4F494AA7}
		{D1FB76D7-882A-4579-AE7C-C6FC0B557098} = {C8FCC455-F729-4EB3-A926-74F5D4939B87}
		{0BFE81BE-CCD9-41CC-AA3E-9201A424C407} = {0AD894D9-432E-44C8-BB2B-453C4F494AA7}
		{48F3F82B-6FE9-45CA-91C0-F39E2F4A03F6} = {A611A35C-59F5-4FB0-BCDA-141CA1563BFA}
		{E65F4417-B1BC-45EC-BF99-1C76325ED501} = {C8FCC455-F729-4EB3-A926-74F5D4939B87}
		{BA65516F-C929-40CD-A453-0B086B4170BD} = {A611A35C-59F5-4FB0-BCDA-141CA1563BFA}
		{0AD894D9-432E-44C8-BB2B-453C4F494AA7} = {55F5A81A-15D5-4645-93A1-5221EAD9E69F}
		{2777F9DF-53FB-4A83-A94D-896D2D8030A8} = {55F5A81A-15D5-4645-93A1-5221EAD9E69F}
		{FD888892-86E6-4E9B-B5CD-2DD805B6C0EA} = {2777F9DF-53FB-4A83-A94D-896D2D8030A8}
	EndGlobalSection
EndGlobal
